
Microsoft Visual Studio Solution File, Format Version 12.00
# Visual Studio 15
VisualStudioVersion = 15.0.26730.12
MinimumVisualStudioVersion = 15.0.26124.0
Project("{2150E333-8FDC-42A3-9474-1A3956D46DE8}") = "Solution Items", "Solution Items", "{62384529-4A89-45AA-9241-6C41D736333C}"
	ProjectSection(SolutionItems) = preProject
		.travis.yml = .travis.yml
		appveyor.yml = appveyor.yml
		CodeAnalysis.props = CodeAnalysis.props
		CodeAnalysis.ruleset = CodeAnalysis.ruleset
		CodeAnalysis.xml = CodeAnalysis.xml
		LICENSE = LICENSE
		NeinLinq.props = NeinLinq.props
		NeinLinq.snk = NeinLinq.snk
		README.md = README.md
	EndProjectSection
EndProject
Project("{2150E333-8FDC-42A3-9474-1A3956D46DE8}") = "src", "src", "{DC57719B-6A66-4F54-B935-C206C91DA09D}"
EndProject
Project("{9A19103F-16F7-4668-BE54-9A1E7A4F7556}") = "NeinLinq", "src\NeinLinq\NeinLinq.csproj", "{620F44CA-BD35-43C4-B449-B12C87942FE2}"
EndProject
Project("{9A19103F-16F7-4668-BE54-9A1E7A4F7556}") = "NeinLinq.EntityFramework", "src\NeinLinq.EntityFramework\NeinLinq.EntityFramework.csproj", "{34E61C0E-4109-426C-B7AE-B7024A815DF2}"
EndProject
Project("{9A19103F-16F7-4668-BE54-9A1E7A4F7556}") = "NeinLinq.EntityFrameworkCore", "src\NeinLinq.EntityFrameworkCore\NeinLinq.EntityFrameworkCore.csproj", "{8A92E5D9-60E5-4683-802F-6745EF459ECF}"
EndProject
Project("{9A19103F-16F7-4668-BE54-9A1E7A4F7556}") = "NeinLinq.Interactive", "src\NeinLinq.Interactive\NeinLinq.Interactive.csproj", "{8A2507C3-E583-432C-8613-E673DE93E799}"
EndProject
Project("{9A19103F-16F7-4668-BE54-9A1E7A4F7556}") = "NeinLinq.Queryable", "src\NeinLinq.Queryable\NeinLinq.Queryable.csproj", "{7811E94D-E9CA-4944-847C-427D2491545F}"
EndProject
Project("{2150E333-8FDC-42A3-9474-1A3956D46DE8}") = "test", "test", "{F79B7C9C-7883-4D8C-AF41-1E155CAF01A9}"
EndProject
Project("{9A19103F-16F7-4668-BE54-9A1E7A4F7556}") = "NeinLinq.Fakes", "test\NeinLinq.Fakes\NeinLinq.Fakes.csproj", "{C1599DA1-F5BB-4A9A-9CB7-0E3A95BB7E3E}"
EndProject
Project("{9A19103F-16F7-4668-BE54-9A1E7A4F7556}") = "NeinLinq.Tests", "test\NeinLinq.Tests\NeinLinq.Tests.csproj", "{9D6EE79A-734A-4212-A802-1CA2D9746C82}"
EndProject
Global
	GlobalSection(SolutionConfigurationPlatforms) = preSolution
		Debug|Any CPU = Debug|Any CPU
		Release|Any CPU = Release|Any CPU
	EndGlobalSection
	GlobalSection(ProjectConfigurationPlatforms) = postSolution
		{620F44CA-BD35-43C4-B449-B12C87942FE2}.Debug|Any CPU.ActiveCfg = Debug|Any CPU
		{620F44CA-BD35-43C4-B449-B12C87942FE2}.Debug|Any CPU.Build.0 = Debug|Any CPU
		{620F44CA-BD35-43C4-B449-B12C87942FE2}.Release|Any CPU.ActiveCfg = Release|Any CPU
		{620F44CA-BD35-43C4-B449-B12C87942FE2}.Release|Any CPU.Build.0 = Release|Any CPU
		{34E61C0E-4109-426C-B7AE-B7024A815DF2}.Debug|Any CPU.ActiveCfg = Debug|Any CPU
		{34E61C0E-4109-426C-B7AE-B7024A815DF2}.Debug|Any CPU.Build.0 = Debug|Any CPU
		{34E61C0E-4109-426C-B7AE-B7024A815DF2}.Release|Any CPU.ActiveCfg = Release|Any CPU
		{34E61C0E-4109-426C-B7AE-B7024A815DF2}.Release|Any CPU.Build.0 = Release|Any CPU
		{8A92E5D9-60E5-4683-802F-6745EF459ECF}.Debug|Any CPU.ActiveCfg = Debug|Any CPU
		{8A92E5D9-60E5-4683-802F-6745EF459ECF}.Debug|Any CPU.Build.0 = Debug|Any CPU
		{8A92E5D9-60E5-4683-802F-6745EF459ECF}.Release|Any CPU.ActiveCfg = Release|Any CPU
		{8A92E5D9-60E5-4683-802F-6745EF459ECF}.Release|Any CPU.Build.0 = Release|Any CPU
		{8A2507C3-E583-432C-8613-E673DE93E799}.Debug|Any CPU.ActiveCfg = Debug|Any CPU
		{8A2507C3-E583-432C-8613-E673DE93E799}.Debug|Any CPU.Build.0 = Debug|Any CPU
		{8A2507C3-E583-432C-8613-E673DE93E799}.Release|Any CPU.ActiveCfg = Release|Any CPU
		{8A2507C3-E583-432C-8613-E673DE93E799}.Release|Any CPU.Build.0 = Release|Any CPU
		{7811E94D-E9CA-4944-847C-427D2491545F}.Debug|Any CPU.ActiveCfg = Debug|Any CPU
		{7811E94D-E9CA-4944-847C-427D2491545F}.Debug|Any CPU.Build.0 = Debug|Any CPU
		{7811E94D-E9CA-4944-847C-427D2491545F}.Release|Any CPU.ActiveCfg = Release|Any CPU
		{7811E94D-E9CA-4944-847C-427D2491545F}.Release|Any CPU.Build.0 = Release|Any CPU
		{C1599DA1-F5BB-4A9A-9CB7-0E3A95BB7E3E}.Debug|Any CPU.ActiveCfg = Debug|Any CPU
		{C1599DA1-F5BB-4A9A-9CB7-0E3A95BB7E3E}.Debug|Any CPU.Build.0 = Debug|Any CPU
		{C1599DA1-F5BB-4A9A-9CB7-0E3A95BB7E3E}.Release|Any CPU.ActiveCfg = Release|Any CPU
		{C1599DA1-F5BB-4A9A-9CB7-0E3A95BB7E3E}.Release|Any CPU.Build.0 = Release|Any CPU
		{9D6EE79A-734A-4212-A802-1CA2D9746C82}.Debug|Any CPU.ActiveCfg = Debug|Any CPU
		{9D6EE79A-734A-4212-A802-1CA2D9746C82}.Debug|Any CPU.Build.0 = Debug|Any CPU
		{9D6EE79A-734A-4212-A802-1CA2D9746C82}.Release|Any CPU.ActiveCfg = Release|Any CPU
		{9D6EE79A-734A-4212-A802-1CA2D9746C82}.Release|Any CPU.Build.0 = Release|Any CPU
	EndGlobalSection
	GlobalSection(SolutionProperties) = preSolution
		HideSolutionNode = FALSE
	EndGlobalSection
	GlobalSection(NestedProjects) = preSolution
		{620F44CA-BD35-43C4-B449-B12C87942FE2} = {DC57719B-6A66-4F54-B935-C206C91DA09D}
		{34E61C0E-4109-426C-B7AE-B7024A815DF2} = {DC57719B-6A66-4F54-B935-C206C91DA09D}
		{8A92E5D9-60E5-4683-802F-6745EF459ECF} = {DC57719B-6A66-4F54-B935-C206C91DA09D}
		{8A2507C3-E583-432C-8613-E673DE93E799} = {DC57719B-6A66-4F54-B935-C206C91DA09D}
		{7811E94D-E9CA-4944-847C-427D2491545F} = {DC57719B-6A66-4F54-B935-C206C91DA09D}
		{C1599DA1-F5BB-4A9A-9CB7-0E3A95BB7E3E} = {F79B7C9C-7883-4D8C-AF41-1E155CAF01A9}
		{9D6EE79A-734A-4212-A802-1CA2D9746C82} = {F79B7C9C-7883-4D8C-AF41-1E155CAF01A9}
	EndGlobalSection
	GlobalSection(ExtensibilityGlobals) = postSolution
		SolutionGuid = {4D419C18-657C-44EB-B17F-2C181F8E4CE0}
	EndGlobalSection
EndGlobal
