Microsoft Visual Studio Solution File, Format Version 12.00
# Visual Studio Version 17
VisualStudioVersion = 17.8.34309.116
MinimumVisualStudioVersion = 15.0.26124.0
Project("{2150E333-8FDC-42A3-9474-1A3956D46DE8}") = "Solution Items", "Solution Items", "{62384529-4A89-45AA-9241-6C41D736333C}"
	ProjectSection(SolutionItems) = preProject
		build.props = build.props
		pack.props = pack.props
		test.runsettings = test.runsettings
	EndProjectSection
EndProject
Project("{2150E333-8FDC-42A3-9474-1A3956D46DE8}") = "src", "src", "{DC57719B-6A66-4F54-B935-C206C91DA09D}"
	ProjectSection(SolutionItems) = preProject
		src\.globalconfig = src\.globalconfig
	EndProjectSection
EndProject
Project("{9A19103F-16F7-4668-BE54-9A1E7A4F7556}") = "NeinLinq", "src\NeinLinq\NeinLinq.csproj", "{620F44CA-BD35-43C4-B449-B12C87942FE2}"
EndProject
Project("{9A19103F-16F7-4668-BE54-9A1E7A4F7556}") = "NeinLinq.Async", "src\NeinLinq.Async\NeinLinq.Async.csproj", "{8A2507C3-E583-432C-8613-E673DE93E799}"
EndProject
Project("{9A19103F-16F7-4668-BE54-9A1E7A4F7556}") = "NeinLinq.EntityFramework", "src\NeinLinq.EntityFramework\NeinLinq.EntityFramework.csproj", "{34E61C0E-4109-426C-B7AE-B7024A815DF2}"
EndProject
Project("{9A19103F-16F7-4668-BE54-9A1E7A4F7556}") = "NeinLinq.EntityFrameworkCore", "src\NeinLinq.EntityFrameworkCore\NeinLinq.EntityFrameworkCore.csproj", "{8A92E5D9-60E5-4683-802F-6745EF459ECF}"
EndProject
Project("{2150E333-8FDC-42A3-9474-1A3956D46DE8}") = "test", "test", "{F79B7C9C-7883-4D8C-AF41-1E155CAF01A9}"
	ProjectSection(SolutionItems) = preProject
		test\.globalconfig = test\.globalconfig
	EndProjectSection
EndProject
Project("{9A19103F-16F7-4668-BE54-9A1E7A4F7556}") = "NeinLinq.Tests", "test\NeinLinq.Tests\NeinLinq.Tests.csproj", "{9D6EE79A-734A-4212-A802-1CA2D9746C82}"
EndProject
Project("{9A19103F-16F7-4668-BE54-9A1E7A4F7556}") = "NeinLinq.Async.Tests", "test\NeinLinq.Async.Tests\NeinLinq.Async.Tests.csproj", "{95AE475D-3FCD-477E-AFCE-18B4A61E0290}"
EndProject
Project("{9A19103F-16F7-4668-BE54-9A1E7A4F7556}") = "NeinLinq.EntityFramework.Tests", "test\NeinLinq.EntityFramework.Tests\NeinLinq.EntityFramework.Tests.csproj", "{E5C860D8-5879-4291-9C5A-D415982D4EB8}"
EndProject
Project("{9A19103F-16F7-4668-BE54-9A1E7A4F7556}") = "NeinLinq.EntityFrameworkCore.Tests", "test\NeinLinq.EntityFrameworkCore.Tests\NeinLinq.EntityFrameworkCore.Tests.csproj", "{DA287DB2-E87C-4EDB-A070-F695B2038E7E}"
EndProject
Global
	GlobalSection(SolutionConfigurationPlatforms) = preSolution
		Debug|Any CPU = Debug|Any CPU
		Release|Any CPU = Release|Any CPU
	EndGlobalSection
	GlobalSection(ProjectConfigurationPlatforms) = postSolution
		{620F44CA-BD35-43C4-B449-B12C87942FE2}.Debug|Any CPU.ActiveCfg = Debug|Any CPU
		{620F44CA-BD35-43C4-B449-B12C87942FE2}.Debug|Any CPU.Build.0 = Debug|Any CPU
		{620F44CA-BD35-43C4-B449-B12C87942FE2}.Release|Any CPU.ActiveCfg = Release|Any CPU
		{620F44CA-BD35-43C4-B449-B12C87942FE2}.Release|Any CPU.Build.0 = Release|Any CPU
		{8A2507C3-E583-432C-8613-E673DE93E799}.Debug|Any CPU.ActiveCfg = Debug|Any CPU
		{8A2507C3-E583-432C-8613-E673DE93E799}.Debug|Any CPU.Build.0 = Debug|Any CPU
		{8A2507C3-E583-432C-8613-E673DE93E799}.Release|Any CPU.ActiveCfg = Release|Any CPU
		{8A2507C3-E583-432C-8613-E673DE93E799}.Release|Any CPU.Build.0 = Release|Any CPU
		{34E61C0E-4109-426C-B7AE-B7024A815DF2}.Debug|Any CPU.ActiveCfg = Debug|Any CPU
		{34E61C0E-4109-426C-B7AE-B7024A815DF2}.Debug|Any CPU.Build.0 = Debug|Any CPU
		{34E61C0E-4109-426C-B7AE-B7024A815DF2}.Release|Any CPU.ActiveCfg = Release|Any CPU
		{34E61C0E-4109-426C-B7AE-B7024A815DF2}.Release|Any CPU.Build.0 = Release|Any CPU
		{8A92E5D9-60E5-4683-802F-6745EF459ECF}.Debug|Any CPU.ActiveCfg = Debug|Any CPU
		{8A92E5D9-60E5-4683-802F-6745EF459ECF}.Debug|Any CPU.Build.0 = Debug|Any CPU
		{8A92E5D9-60E5-4683-802F-6745EF459ECF}.Release|Any CPU.ActiveCfg = Release|Any CPU
		{8A92E5D9-60E5-4683-802F-6745EF459ECF}.Release|Any CPU.Build.0 = Release|Any CPU
		{9D6EE79A-734A-4212-A802-1CA2D9746C82}.Debug|Any CPU.ActiveCfg = Debug|Any CPU
		{9D6EE79A-734A-4212-A802-1CA2D9746C82}.Debug|Any CPU.Build.0 = Debug|Any CPU
		{9D6EE79A-734A-4212-A802-1CA2D9746C82}.Release|Any CPU.ActiveCfg = Release|Any CPU
		{9D6EE79A-734A-4212-A802-1CA2D9746C82}.Release|Any CPU.Build.0 = Release|Any CPU
		{95AE475D-3FCD-477E-AFCE-18B4A61E0290}.Debug|Any CPU.ActiveCfg = Debug|Any CPU
		{95AE475D-3FCD-477E-AFCE-18B4A61E0290}.Debug|Any CPU.Build.0 = Debug|Any CPU
		{95AE475D-3FCD-477E-AFCE-18B4A61E0290}.Release|Any CPU.ActiveCfg = Release|Any CPU
		{95AE475D-3FCD-477E-AFCE-18B4A61E0290}.Release|Any CPU.Build.0 = Release|Any CPU
		{E5C860D8-5879-4291-9C5A-D415982D4EB8}.Debug|Any CPU.ActiveCfg = Debug|Any CPU
		{E5C860D8-5879-4291-9C5A-D415982D4EB8}.Debug|Any CPU.Build.0 = Debug|Any CPU
		{E5C860D8-5879-4291-9C5A-D415982D4EB8}.Release|Any CPU.ActiveCfg = Release|Any CPU
		{E5C860D8-5879-4291-9C5A-D415982D4EB8}.Release|Any CPU.Build.0 = Release|Any CPU
		{DA287DB2-E87C-4EDB-A070-F695B2038E7E}.Debug|Any CPU.ActiveCfg = Debug|Any CPU
		{DA287DB2-E87C-4EDB-A070-F695B2038E7E}.Debug|Any CPU.Build.0 = Debug|Any CPU
		{DA287DB2-E87C-4EDB-A070-F695B2038E7E}.Release|Any CPU.ActiveCfg = Release|Any CPU
		{DA287DB2-E87C-4EDB-A070-F695B2038E7E}.Release|Any CPU.Build.0 = Release|Any CPU
	EndGlobalSection
	GlobalSection(SolutionProperties) = preSolution
		HideSolutionNode = FALSE
	EndGlobalSection
	GlobalSection(NestedProjects) = preSolution
		{620F44CA-BD35-43C4-B449-B12C87942FE2} = {DC57719B-6A66-4F54-B935-C206C91DA09D}
		{8A2507C3-E583-432C-8613-E673DE93E799} = {DC57719B-6A66-4F54-B935-C206C91DA09D}
		{34E61C0E-4109-426C-B7AE-B7024A815DF2} = {DC57719B-6A66-4F54-B935-C206C91DA09D}
		{8A92E5D9-60E5-4683-802F-6745EF459ECF} = {DC57719B-6A66-4F54-B935-C206C91DA09D}
		{9D6EE79A-734A-4212-A802-1CA2D9746C82} = {F79B7C9C-7883-4D8C-AF41-1E155CAF01A9}
		{95AE475D-3FCD-477E-AFCE-18B4A61E0290} = {F79B7C9C-7883-4D8C-AF41-1E155CAF01A9}
		{E5C860D8-5879-4291-9C5A-D415982D4EB8} = {F79B7C9C-7883-4D8C-AF41-1E155CAF01A9}
		{DA287DB2-E87C-4EDB-A070-F695B2038E7E} = {F79B7C9C-7883-4D8C-AF41-1E155CAF01A9}
	EndGlobalSection
	GlobalSection(ExtensibilityGlobals) = postSolution
		SolutionGuid = {4D419C18-657C-44EB-B17F-2C181F8E4CE0}
	EndGlobalSection
EndGlobal
