
Microsoft Visual Studio Solution File, Format Version 12.00
# Visual Studio 14
VisualStudioVersion = 14.0.23107.0
MinimumVisualStudioVersion = 10.0.40219.1
Project("{2150E333-8FDC-42A3-9474-1A3956D46DE8}") = "src", "src", "{735566EE-4DE6-4884-B438-5A44DAB37CB4}"
EndProject
Project("{2150E333-8FDC-42A3-9474-1A3956D46DE8}") = "Solution Items", "Solution Items", "{1C875840-6152-4943-87F4-ACFE97F83E09}"
	ProjectSection(SolutionItems) = preProject
		global.json = global.json
		LICENSE = LICENSE
		README.md = README.md
	EndProjectSection
EndProject
Project("{8BB2217D-0F2D-49D1-97BC-3654ED321F3B}") = "NeinLinq", "src\NeinLinq\NeinLinq.xproj", "{BDE404F9-0D03-4BA9-B119-3360A6FEA629}"
EndProject
Project("{8BB2217D-0F2D-49D1-97BC-3654ED321F3B}") = "NeinLinq.Tests", "test\NeinLinq.Tests\NeinLinq.Tests.xproj", "{4F7E7830-A239-44CC-8A04-A0451DFEE257}"
EndProject
Project("{2150E333-8FDC-42A3-9474-1A3956D46DE8}") = "test", "test", "{04669A11-CB48-4BC2-B74A-96993A3766F0}"
EndProject
Project("{8BB2217D-0F2D-49D1-97BC-3654ED321F3B}") = "NeinLinq.EF6", "src\NeinLinq.EF6\NeinLinq.EF6.xproj", "{D12F03DC-B5B1-4661-8B46-5091BE45A145}"
EndProject
Project("{8BB2217D-0F2D-49D1-97BC-3654ED321F3B}") = "NeinLinq.Tests.EF6", "test\NeinLinq.Tests.EF6\NeinLinq.Tests.EF6.xproj", "{90E0D617-A265-4D79-B629-001E4DC1917E}"
EndProject
Project("{8BB2217D-0F2D-49D1-97BC-3654ED321F3B}") = "NeinLinq.EFCore", "src\NeinLinq.EFCore\NeinLinq.EFCore.xproj", "{E6D06134-2F31-478E-8336-140F993DFCA1}"
EndProject
Project("{8BB2217D-0F2D-49D1-97BC-3654ED321F3B}") = "NeinLinq.Tests.EFCore", "test\NeinLinq.Tests.EFCore\NeinLinq.Tests.EFCore.xproj", "{BE23D24E-58F6-4844-89FE-D55F077B5A78}"
EndProject
Project("{8BB2217D-0F2D-49D1-97BC-3654ED321F3B}") = "NeinLinq.IX", "src\NeinLinq.IX\NeinLinq.IX.xproj", "{4AD66343-4DF0-4F80-9335-03E898850FDE}"
EndProject
Project("{8BB2217D-0F2D-49D1-97BC-3654ED321F3B}") = "NeinLinq.Tests.IX", "test\NeinLinq.Tests.IXEFCore\NeinLinq.Tests.IX.xproj", "{31E09502-6F42-4931-87C2-C0F6430DE919}"
EndProject
Global
	GlobalSection(SolutionConfigurationPlatforms) = preSolution
		Debug|Any CPU = Debug|Any CPU
		Release|Any CPU = Release|Any CPU
	EndGlobalSection
	GlobalSection(ProjectConfigurationPlatforms) = postSolution
		{BDE404F9-0D03-4BA9-B119-3360A6FEA629}.Debug|Any CPU.ActiveCfg = Debug|Any CPU
		{BDE404F9-0D03-4BA9-B119-3360A6FEA629}.Debug|Any CPU.Build.0 = Debug|Any CPU
		{BDE404F9-0D03-4BA9-B119-3360A6FEA629}.Release|Any CPU.ActiveCfg = Release|Any CPU
		{BDE404F9-0D03-4BA9-B119-3360A6FEA629}.Release|Any CPU.Build.0 = Release|Any CPU
		{4F7E7830-A239-44CC-8A04-A0451DFEE257}.Debug|Any CPU.ActiveCfg = Debug|Any CPU
		{4F7E7830-A239-44CC-8A04-A0451DFEE257}.Debug|Any CPU.Build.0 = Debug|Any CPU
		{4F7E7830-A239-44CC-8A04-A0451DFEE257}.Release|Any CPU.ActiveCfg = Release|Any CPU
		{4F7E7830-A239-44CC-8A04-A0451DFEE257}.Release|Any CPU.Build.0 = Release|Any CPU
		{D12F03DC-B5B1-4661-8B46-5091BE45A145}.Debug|Any CPU.ActiveCfg = Debug|Any CPU
		{D12F03DC-B5B1-4661-8B46-5091BE45A145}.Debug|Any CPU.Build.0 = Debug|Any CPU
		{D12F03DC-B5B1-4661-8B46-5091BE45A145}.Release|Any CPU.ActiveCfg = Release|Any CPU
		{D12F03DC-B5B1-4661-8B46-5091BE45A145}.Release|Any CPU.Build.0 = Release|Any CPU
		{90E0D617-A265-4D79-B629-001E4DC1917E}.Debug|Any CPU.ActiveCfg = Debug|Any CPU
		{90E0D617-A265-4D79-B629-001E4DC1917E}.Debug|Any CPU.Build.0 = Debug|Any CPU
		{90E0D617-A265-4D79-B629-001E4DC1917E}.Release|Any CPU.ActiveCfg = Release|Any CPU
		{90E0D617-A265-4D79-B629-001E4DC1917E}.Release|Any CPU.Build.0 = Release|Any CPU
		{E6D06134-2F31-478E-8336-140F993DFCA1}.Debug|Any CPU.ActiveCfg = Debug|Any CPU
		{E6D06134-2F31-478E-8336-140F993DFCA1}.Debug|Any CPU.Build.0 = Debug|Any CPU
		{E6D06134-2F31-478E-8336-140F993DFCA1}.Release|Any CPU.ActiveCfg = Release|Any CPU
		{E6D06134-2F31-478E-8336-140F993DFCA1}.Release|Any CPU.Build.0 = Release|Any CPU
		{BE23D24E-58F6-4844-89FE-D55F077B5A78}.Debug|Any CPU.ActiveCfg = Debug|Any CPU
		{BE23D24E-58F6-4844-89FE-D55F077B5A78}.Debug|Any CPU.Build.0 = Debug|Any CPU
		{BE23D24E-58F6-4844-89FE-D55F077B5A78}.Release|Any CPU.ActiveCfg = Release|Any CPU
		{BE23D24E-58F6-4844-89FE-D55F077B5A78}.Release|Any CPU.Build.0 = Release|Any CPU
		{4AD66343-4DF0-4F80-9335-03E898850FDE}.Debug|Any CPU.ActiveCfg = Debug|Any CPU
		{4AD66343-4DF0-4F80-9335-03E898850FDE}.Debug|Any CPU.Build.0 = Debug|Any CPU
		{4AD66343-4DF0-4F80-9335-03E898850FDE}.Release|Any CPU.ActiveCfg = Release|Any CPU
		{4AD66343-4DF0-4F80-9335-03E898850FDE}.Release|Any CPU.Build.0 = Release|Any CPU
		{31E09502-6F42-4931-87C2-C0F6430DE919}.Debug|Any CPU.ActiveCfg = Debug|Any CPU
		{31E09502-6F42-4931-87C2-C0F6430DE919}.Debug|Any CPU.Build.0 = Debug|Any CPU
		{31E09502-6F42-4931-87C2-C0F6430DE919}.Release|Any CPU.ActiveCfg = Release|Any CPU
		{31E09502-6F42-4931-87C2-C0F6430DE919}.Release|Any CPU.Build.0 = Release|Any CPU
	EndGlobalSection
	GlobalSection(SolutionProperties) = preSolution
		HideSolutionNode = FALSE
	EndGlobalSection
	GlobalSection(NestedProjects) = preSolution
		{BDE404F9-0D03-4BA9-B119-3360A6FEA629} = {735566EE-4DE6-4884-B438-5A44DAB37CB4}
		{4F7E7830-A239-44CC-8A04-A0451DFEE257} = {04669A11-CB48-4BC2-B74A-96993A3766F0}
		{D12F03DC-B5B1-4661-8B46-5091BE45A145} = {735566EE-4DE6-4884-B438-5A44DAB37CB4}
		{90E0D617-A265-4D79-B629-001E4DC1917E} = {04669A11-CB48-4BC2-B74A-96993A3766F0}
		{E6D06134-2F31-478E-8336-140F993DFCA1} = {735566EE-4DE6-4884-B438-5A44DAB37CB4}
		{BE23D24E-58F6-4844-89FE-D55F077B5A78} = {04669A11-CB48-4BC2-B74A-96993A3766F0}
		{4AD66343-4DF0-4F80-9335-03E898850FDE} = {735566EE-4DE6-4884-B438-5A44DAB37CB4}
		{31E09502-6F42-4931-87C2-C0F6430DE919} = {04669A11-CB48-4BC2-B74A-96993A3766F0}
	EndGlobalSection
EndGlobal
